// !$*UTF8*$!
{
	archiveVersion = 1;
	classes = {
	};
	objectVersion = 52;
	objects = {

/* Begin PBXBuildFile section */
		D58ABF812558BA550054D4A0 /* SDWebImageSwiftUI in Frameworks */ = {isa = PBXBuildFile; productRef = D58ABF802558BA550054D4A0 /* SDWebImageSwiftUI */; };
		D58C773725566D4E009A399E /* Modifiers.swift in Sources */ = {isa = PBXBuildFile; fileRef = D58C773625566D4E009A399E /* Modifiers.swift */; };
		D58C773C25566F13009A399E /* DaysWeatherCard.swift in Sources */ = {isa = PBXBuildFile; fileRef = D58C773B25566F13009A399E /* DaysWeatherCard.swift */; };
		D5986D4125579A4700CF400D /* Constants.swift in Sources */ = {isa = PBXBuildFile; fileRef = D5986D4025579A4700CF400D /* Constants.swift */; };
		D5986D4525579EDA00CF400D /* TodayWeather.swift in Sources */ = {isa = PBXBuildFile; fileRef = D5986D4425579EDA00CF400D /* TodayWeather.swift */; };
		D5986D4A2557A36700CF400D /* Alamofire in Frameworks */ = {isa = PBXBuildFile; productRef = D5986D492557A36700CF400D /* Alamofire */; };
		D5986D4F2557A3A300CF400D /* WeatherViewModel.swift in Sources */ = {isa = PBXBuildFile; fileRef = D5986D4E2557A3A300CF400D /* WeatherViewModel.swift */; };
		D5CCCACE255657AA00B7C2D9 /* WeatherAppApp.swift in Sources */ = {isa = PBXBuildFile; fileRef = D5CCCACD255657AA00B7C2D9 /* WeatherAppApp.swift */; };
		D5CCCAD0255657AA00B7C2D9 /* WeatherView.swift in Sources */ = {isa = PBXBuildFile; fileRef = D5CCCACF255657AA00B7C2D9 /* WeatherView.swift */; };
		D5CCCAD2255657AD00B7C2D9 /* Assets.xcassets in Resources */ = {isa = PBXBuildFile; fileRef = D5CCCAD1255657AD00B7C2D9 /* Assets.xcassets */; };
		D5CCCAD5255657AD00B7C2D9 /* Preview Assets.xcassets in Resources */ = {isa = PBXBuildFile; fileRef = D5CCCAD4255657AD00B7C2D9 /* Preview Assets.xcassets */; };
		D5D1E1DF2559050C00A13D7E /* Forcast.swift in Sources */ = {isa = PBXBuildFile; fileRef = D5D1E1DE2559050C00A13D7E /* Forcast.swift */; };
		D5D1E1E2255906C200A13D7E /* Extesnion.swift in Sources */ = {isa = PBXBuildFile; fileRef = D5D1E1E1255906C200A13D7E /* Extesnion.swift */; };
/* End PBXBuildFile section */

/* Begin PBXFileReference section */
		D58C773625566D4E009A399E /* Modifiers.swift */ = {isa = PBXFileReference; lastKnownFileType = sourcecode.swift; path = Modifiers.swift; sourceTree = "<group>"; };
		D58C773B25566F13009A399E /* DaysWeatherCard.swift */ = {isa = PBXFileReference; lastKnownFileType = sourcecode.swift; path = DaysWeatherCard.swift; sourceTree = "<group>"; };
		D5986D4025579A4700CF400D /* Constants.swift */ = {isa = PBXFileReference; lastKnownFileType = sourcecode.swift; path = Constants.swift; sourceTree = "<group>"; };
		D5986D4425579EDA00CF400D /* TodayWeather.swift */ = {isa = PBXFileReference; lastKnownFileType = sourcecode.swift; path = TodayWeather.swift; sourceTree = "<group>"; };
		D5986D4E2557A3A300CF400D /* WeatherViewModel.swift */ = {isa = PBXFileReference; lastKnownFileType = sourcecode.swift; path = WeatherViewModel.swift; sourceTree = "<group>"; };
		D5CCCACA255657AA00B7C2D9 /* WeatherApp.app */ = {isa = PBXFileReference; explicitFileType = wrapper.application; includeInIndex = 0; path = WeatherApp.app; sourceTree = BUILT_PRODUCTS_DIR; };
		D5CCCACD255657AA00B7C2D9 /* WeatherAppApp.swift */ = {isa = PBXFileReference; lastKnownFileType = sourcecode.swift; path = WeatherAppApp.swift; sourceTree = "<group>"; };
		D5CCCACF255657AA00B7C2D9 /* WeatherView.swift */ = {isa = PBXFileReference; lastKnownFileType = sourcecode.swift; path = WeatherView.swift; sourceTree = "<group>"; };
		D5CCCAD1255657AD00B7C2D9 /* Assets.xcassets */ = {isa = PBXFileReference; lastKnownFileType = folder.assetcatalog; path = Assets.xcassets; sourceTree = "<group>"; };
		D5CCCAD4255657AD00B7C2D9 /* Preview Assets.xcassets */ = {isa = PBXFileReference; lastKnownFileType = folder.assetcatalog; path = "Preview Assets.xcassets"; sourceTree = "<group>"; };
		D5CCCAD6255657AD00B7C2D9 /* Info.plist */ = {isa = PBXFileReference; lastKnownFileType = text.plist.xml; path = Info.plist; sourceTree = "<group>"; };
		D5D1E1DE2559050C00A13D7E /* Forcast.swift */ = {isa = PBXFileReference; lastKnownFileType = sourcecode.swift; path = Forcast.swift; sourceTree = "<group>"; };
		D5D1E1E1255906C200A13D7E /* Extesnion.swift */ = {isa = PBXFileReference; lastKnownFileType = sourcecode.swift; path = Extesnion.swift; sourceTree = "<group>"; };
/* End PBXFileReference section */

/* Begin PBXFrameworksBuildPhase section */
		D5CCCAC7255657AA00B7C2D9 /* Frameworks */ = {
			isa = PBXFrameworksBuildPhase;
			buildActionMask = 2147483647;
			files = (
				D58ABF812558BA550054D4A0 /* SDWebImageSwiftUI in Frameworks */,
				D5986D4A2557A36700CF400D /* Alamofire in Frameworks */,
			);
			runOnlyForDeploymentPostprocessing = 0;
		};
/* End PBXFrameworksBuildPhase section */

/* Begin PBXGroup section */
		D58C773425566CE9009A399E /* Views */ = {
			isa = PBXGroup;
			children = (
				D58C773A25566EED009A399E /* Supporting Views */,
				D5CCCACF255657AA00B7C2D9 /* WeatherView.swift */,
			);
			path = Views;
			sourceTree = "<group>";
		};
		D58C773525566CF9009A399E /* Helpers */ = {
			isa = PBXGroup;
			children = (
				D58C773625566D4E009A399E /* Modifiers.swift */,
				D5986D4025579A4700CF400D /* Constants.swift */,
				D5D1E1E1255906C200A13D7E /* Extesnion.swift */,
			);
			path = Helpers;
			sourceTree = "<group>";
		};
		D58C773A25566EED009A399E /* Supporting Views */ = {
			isa = PBXGroup;
			children = (
				D58C773B25566F13009A399E /* DaysWeatherCard.swift */,
			);
			path = "Supporting Views";
			sourceTree = "<group>";
		};
		D5986D4325579BFE00CF400D /* Models */ = {
			isa = PBXGroup;
			children = (
				D5986D4425579EDA00CF400D /* TodayWeather.swift */,
				D5D1E1DE2559050C00A13D7E /* Forcast.swift */,
			);
			path = Models;
			sourceTree = "<group>";
		};
		D5986D4C2557A37A00CF400D /* ViewModels */ = {
			isa = PBXGroup;
			children = (
				D5986D4E2557A3A300CF400D /* WeatherViewModel.swift */,
			);
			path = ViewModels;
			sourceTree = "<group>";
		};
		D5CCCAC1255657A900B7C2D9 = {
			isa = PBXGroup;
			children = (
				D5CCCACC255657AA00B7C2D9 /* WeatherApp */,
				D5CCCACB255657AA00B7C2D9 /* Products */,
			);
			sourceTree = "<group>";
		};
		D5CCCACB255657AA00B7C2D9 /* Products */ = {
			isa = PBXGroup;
			children = (
				D5CCCACA255657AA00B7C2D9 /* WeatherApp.app */,
			);
			name = Products;
			sourceTree = "<group>";
		};
		D5CCCACC255657AA00B7C2D9 /* WeatherApp */ = {
			isa = PBXGroup;
			children = (
				D5986D4C2557A37A00CF400D /* ViewModels */,
				D5986D4325579BFE00CF400D /* Models */,
				D58C773525566CF9009A399E /* Helpers */,
				D58C773425566CE9009A399E /* Views */,
				D5CCCACD255657AA00B7C2D9 /* WeatherAppApp.swift */,
				D5CCCAD1255657AD00B7C2D9 /* Assets.xcassets */,
				D5CCCAD6255657AD00B7C2D9 /* Info.plist */,
				D5CCCAD3255657AD00B7C2D9 /* Preview Content */,
			);
			path = WeatherApp;
			sourceTree = "<group>";
		};
		D5CCCAD3255657AD00B7C2D9 /* Preview Content */ = {
			isa = PBXGroup;
			children = (
				D5CCCAD4255657AD00B7C2D9 /* Preview Assets.xcassets */,
			);
			path = "Preview Content";
			sourceTree = "<group>";
		};
/* End PBXGroup section */

/* Begin PBXNativeTarget section */
		D5CCCAC9255657AA00B7C2D9 /* WeatherApp */ = {
			isa = PBXNativeTarget;
			buildConfigurationList = D5CCCAD9255657AD00B7C2D9 /* Build configuration list for PBXNativeTarget "WeatherApp" */;
			buildPhases = (
				D5CCCAC6255657AA00B7C2D9 /* Sources */,
				D5CCCAC7255657AA00B7C2D9 /* Frameworks */,
				D5CCCAC8255657AA00B7C2D9 /* Resources */,
			);
			buildRules = (
			);
			dependencies = (
			);
			name = WeatherApp;
			packageProductDependencies = (
				D5986D492557A36700CF400D /* Alamofire */,
				D58ABF802558BA550054D4A0 /* SDWebImageSwiftUI */,
			);
			productName = WeatherApp;
			productReference = D5CCCACA255657AA00B7C2D9 /* WeatherApp.app */;
			productType = "com.apple.product-type.application";
		};
/* End PBXNativeTarget section */

/* Begin PBXProject section */
		D5CCCAC2255657A900B7C2D9 /* Project object */ = {
			isa = PBXProject;
			attributes = {
				LastSwiftUpdateCheck = 1210;
				LastUpgradeCheck = 1210;
				TargetAttributes = {
					D5CCCAC9255657AA00B7C2D9 = {
						CreatedOnToolsVersion = 12.1;
					};
				};
			};
			buildConfigurationList = D5CCCAC5255657A900B7C2D9 /* Build configuration list for PBXProject "WeatherApp" */;
			compatibilityVersion = "Xcode 9.3";
			developmentRegion = en;
			hasScannedForEncodings = 0;
			knownRegions = (
				en,
				Base,
			);
			mainGroup = D5CCCAC1255657A900B7C2D9;
			packageReferences = (
				D5986D482557A36700CF400D /* XCRemoteSwiftPackageReference "Alamofire" */,
				D58ABF7F2558BA540054D4A0 /* XCRemoteSwiftPackageReference "SDWebImageSwiftUI" */,
			);
			productRefGroup = D5CCCACB255657AA00B7C2D9 /* Products */;
			projectDirPath = "";
			projectRoot = "";
			targets = (
				D5CCCAC9255657AA00B7C2D9 /* WeatherApp */,
			);
		};
/* End PBXProject section */

/* Begin PBXResourcesBuildPhase section */
		D5CCCAC8255657AA00B7C2D9 /* Resources */ = {
			isa = PBXResourcesBuildPhase;
			buildActionMask = 2147483647;
			files = (
				D5CCCAD5255657AD00B7C2D9 /* Preview Assets.xcassets in Resources */,
				D5CCCAD2255657AD00B7C2D9 /* Assets.xcassets in Resources */,
			);
			runOnlyForDeploymentPostprocessing = 0;
		};
/* End PBXResourcesBuildPhase section */

/* Begin PBXSourcesBuildPhase section */
		D5CCCAC6255657AA00B7C2D9 /* Sources */ = {
			isa = PBXSourcesBuildPhase;
			buildActionMask = 2147483647;
			files = (
				D5986D4125579A4700CF400D /* Constants.swift in Sources */,
				D5CCCAD0255657AA00B7C2D9 /* WeatherView.swift in Sources */,
				D5D1E1E2255906C200A13D7E /* Extesnion.swift in Sources */,
				D5D1E1DF2559050C00A13D7E /* Forcast.swift in Sources */,
				D58C773725566D4E009A399E /* Modifiers.swift in Sources */,
				D5986D4F2557A3A300CF400D /* WeatherViewModel.swift in Sources */,
				D5CCCACE255657AA00B7C2D9 /* WeatherAppApp.swift in Sources */,
				D5986D4525579EDA00CF400D /* TodayWeather.swift in Sources */,
				D58C773C25566F13009A399E /* DaysWeatherCard.swift in Sources */,
			);
			runOnlyForDeploymentPostprocessing = 0;
		};
/* End PBXSourcesBuildPhase section */

/* Begin XCBuildConfiguration section */
		D5CCCAD7255657AD00B7C2D9 /* Debug */ = {
			isa = XCBuildConfiguration;
			buildSettings = {
				ALWAYS_SEARCH_USER_PATHS = NO;
				CLANG_ANALYZER_NONNULL = YES;
				CLANG_ANALYZER_NUMBER_OBJECT_CONVERSION = YES_AGGRESSIVE;
				CLANG_CXX_LANGUAGE_STANDARD = "gnu++14";
				CLANG_CXX_LIBRARY = "libc++";
				CLANG_ENABLE_MODULES = YES;
				CLANG_ENABLE_OBJC_ARC = YES;
				CLANG_ENABLE_OBJC_WEAK = YES;
				CLANG_WARN_BLOCK_CAPTURE_AUTORELEASING = YES;
				CLANG_WARN_BOOL_CONVERSION = YES;
				CLANG_WARN_COMMA = YES;
				CLANG_WARN_CONSTANT_CONVERSION = YES;
				CLANG_WARN_DEPRECATED_OBJC_IMPLEMENTATIONS = YES;
				CLANG_WARN_DIRECT_OBJC_ISA_USAGE = YES_ERROR;
				CLANG_WARN_DOCUMENTATION_COMMENTS = YES;
				CLANG_WARN_EMPTY_BODY = YES;
				CLANG_WARN_ENUM_CONVERSION = YES;
				CLANG_WARN_INFINITE_RECURSION = YES;
				CLANG_WARN_INT_CONVERSION = YES;
				CLANG_WARN_NON_LITERAL_NULL_CONVERSION = YES;
				CLANG_WARN_OBJC_IMPLICIT_RETAIN_SELF = YES;
				CLANG_WARN_OBJC_LITERAL_CONVERSION = YES;
				CLANG_WARN_OBJC_ROOT_CLASS = YES_ERROR;
				CLANG_WARN_QUOTED_INCLUDE_IN_FRAMEWORK_HEADER = YES;
				CLANG_WARN_RANGE_LOOP_ANALYSIS = YES;
				CLANG_WARN_STRICT_PROTOTYPES = YES;
				CLANG_WARN_SUSPICIOUS_MOVE = YES;
				CLANG_WARN_UNGUARDED_AVAILABILITY = YES_AGGRESSIVE;
				CLANG_WARN_UNREACHABLE_CODE = YES;
				CLANG_WARN__DUPLICATE_METHOD_MATCH = YES;
				COPY_PHASE_STRIP = NO;
				DEBUG_INFORMATION_FORMAT = dwarf;
				ENABLE_STRICT_OBJC_MSGSEND = YES;
				ENABLE_TESTABILITY = YES;
				GCC_C_LANGUAGE_STANDARD = gnu11;
				GCC_DYNAMIC_NO_PIC = NO;
				GCC_NO_COMMON_BLOCKS = YES;
				GCC_OPTIMIZATION_LEVEL = 0;
				GCC_PREPROCESSOR_DEFINITIONS = (
					"DEBUG=1",
					"$(inherited)",
				);
				GCC_WARN_64_TO_32_BIT_CONVERSION = YES;
				GCC_WARN_ABOUT_RETURN_TYPE = YES_ERROR;
				GCC_WARN_UNDECLARED_SELECTOR = YES;
				GCC_WARN_UNINITIALIZED_AUTOS = YES_AGGRESSIVE;
				GCC_WARN_UNUSED_FUNCTION = YES;
				GCC_WARN_UNUSED_VARIABLE = YES;
				IPHONEOS_DEPLOYMENT_TARGET = 14.1;
				MTL_ENABLE_DEBUG_INFO = INCLUDE_SOURCE;
				MTL_FAST_MATH = YES;
				ONLY_ACTIVE_ARCH = YES;
				SDKROOT = iphoneos;
				SWIFT_ACTIVE_COMPILATION_CONDITIONS = DEBUG;
				SWIFT_OPTIMIZATION_LEVEL = "-Onone";
			};
			name = Debug;
		};
		D5CCCAD8255657AD00B7C2D9 /* Release */ = {
			isa = XCBuildConfiguration;
			buildSettings = {
				ALWAYS_SEARCH_USER_PATHS = NO;
				CLANG_ANALYZER_NONNULL = YES;
				CLANG_ANALYZER_NUMBER_OBJECT_CONVERSION = YES_AGGRESSIVE;
				CLANG_CXX_LANGUAGE_STANDARD = "gnu++14";
				CLANG_CXX_LIBRARY = "libc++";
				CLANG_ENABLE_MODULES = YES;
				CLANG_ENABLE_OBJC_ARC = YES;
				CLANG_ENABLE_OBJC_WEAK = YES;
				CLANG_WARN_BLOCK_CAPTURE_AUTORELEASING = YES;
				CLANG_WARN_BOOL_CONVERSION = YES;
				CLANG_WARN_COMMA = YES;
				CLANG_WARN_CONSTANT_CONVERSION = YES;
				CLANG_WARN_DEPRECATED_OBJC_IMPLEMENTATIONS = YES;
				CLANG_WARN_DIRECT_OBJC_ISA_USAGE = YES_ERROR;
				CLANG_WARN_DOCUMENTATION_COMMENTS = YES;
				CLANG_WARN_EMPTY_BODY = YES;
				CLANG_WARN_ENUM_CONVERSION = YES;
				CLANG_WARN_INFINITE_RECURSION = YES;
				CLANG_WARN_INT_CONVERSION = YES;
				CLANG_WARN_NON_LITERAL_NULL_CONVERSION = YES;
				CLANG_WARN_OBJC_IMPLICIT_RETAIN_SELF = YES;
				CLANG_WARN_OBJC_LITERAL_CONVERSION = YES;
				CLANG_WARN_OBJC_ROOT_CLASS = YES_ERROR;
				CLANG_WARN_QUOTED_INCLUDE_IN_FRAMEWORK_HEADER = YES;
				CLANG_WARN_RANGE_LOOP_ANALYSIS = YES;
				CLANG_WARN_STRICT_PROTOTYPES = YES;
				CLANG_WARN_SUSPICIOUS_MOVE = YES;
				CLANG_WARN_UNGUARDED_AVAILABILITY = YES_AGGRESSIVE;
				CLANG_WARN_UNREACHABLE_CODE = YES;
				CLANG_WARN__DUPLICATE_METHOD_MATCH = YES;
				COPY_PHASE_STRIP = NO;
				DEBUG_INFORMATION_FORMAT = "dwarf-with-dsym";
				ENABLE_NS_ASSERTIONS = NO;
				ENABLE_STRICT_OBJC_MSGSEND = YES;
				GCC_C_LANGUAGE_STANDARD = gnu11;
				GCC_NO_COMMON_BLOCKS = YES;
				GCC_WARN_64_TO_32_BIT_CONVERSION = YES;
				GCC_WARN_ABOUT_RETURN_TYPE = YES_ERROR;
				GCC_WARN_UNDECLARED_SELECTOR = YES;
				GCC_WARN_UNINITIALIZED_AUTOS = YES_AGGRESSIVE;
				GCC_WARN_UNUSED_FUNCTION = YES;
				GCC_WARN_UNUSED_VARIABLE = YES;
				IPHONEOS_DEPLOYMENT_TARGET = 14.1;
				MTL_ENABLE_DEBUG_INFO = NO;
				MTL_FAST_MATH = YES;
				SDKROOT = iphoneos;
				SWIFT_COMPILATION_MODE = wholemodule;
				SWIFT_OPTIMIZATION_LEVEL = "-O";
				VALIDATE_PRODUCT = YES;
			};
			name = Release;
		};
		D5CCCADA255657AD00B7C2D9 /* Debug */ = {
			isa = XCBuildConfiguration;
			buildSettings = {
				ASSETCATALOG_COMPILER_APPICON_NAME = AppIcon;
				ASSETCATALOG_COMPILER_GLOBAL_ACCENT_COLOR_NAME = AccentColor;
				CODE_SIGN_STYLE = Automatic;
				DEVELOPMENT_ASSET_PATHS = "\"WeatherApp/Preview Content\"";
				DEVELOPMENT_TEAM = 2H2GSRB3JC;
				ENABLE_PREVIEWS = YES;
				INFOPLIST_FILE = WeatherApp/Info.plist;
				IPHONEOS_DEPLOYMENT_TARGET = 14.0;
				LD_RUNPATH_SEARCH_PATHS = (
					"$(inherited)",
					"@executable_path/Frameworks",
				);
				PRODUCT_BUNDLE_IDENTIFIER = mohamedF.WeatherApp;
				PRODUCT_NAME = "$(TARGET_NAME)";
				SWIFT_VERSION = 5.0;
				TARGETED_DEVICE_FAMILY = "1,2";
			};
			name = Debug;
		};
		D5CCCADB255657AD00B7C2D9 /* Release */ = {
			isa = XCBuildConfiguration;
			buildSettings = {
				ASSETCATALOG_COMPILER_APPICON_NAME = AppIcon;
				ASSETCATALOG_COMPILER_GLOBAL_ACCENT_COLOR_NAME = AccentColor;
				CODE_SIGN_STYLE = Automatic;
				DEVELOPMENT_ASSET_PATHS = "\"WeatherApp/Preview Content\"";
				DEVELOPMENT_TEAM = 2H2GSRB3JC;
				ENABLE_PREVIEWS = YES;
				INFOPLIST_FILE = WeatherApp/Info.plist;
				IPHONEOS_DEPLOYMENT_TARGET = 14.0;
				LD_RUNPATH_SEARCH_PATHS = (
					"$(inherited)",
					"@executable_path/Frameworks",
				);
				PRODUCT_BUNDLE_IDENTIFIER = mohamedF.WeatherApp;
				PRODUCT_NAME = "$(TARGET_NAME)";
				SWIFT_VERSION = 5.0;
				TARGETED_DEVICE_FAMILY = "1,2";
			};
			name = Release;
		};
/* End XCBuildConfiguration section */

/* Begin XCConfigurationList section */
		D5CCCAC5255657A900B7C2D9 /* Build configuration list for PBXProject "WeatherApp" */ = {
			isa = XCConfigurationList;
			buildConfigurations = (
				D5CCCAD7255657AD00B7C2D9 /* Debug */,
				D5CCCAD8255657AD00B7C2D9 /* Release */,
			);
			defaultConfigurationIsVisible = 0;
			defaultConfigurationName = Release;
		};
		D5CCCAD9255657AD00B7C2D9 /* Build configuration list for PBXNativeTarget "WeatherApp" */ = {
			isa = XCConfigurationList;
			buildConfigurations = (
				D5CCCADA255657AD00B7C2D9 /* Debug */,
				D5CCCADB255657AD00B7C2D9 /* Release */,
			);
			defaultConfigurationIsVisible = 0;
			defaultConfigurationName = Release;
		};
/* End XCConfigurationList section */

/* Begin XCRemoteSwiftPackageReference section */
		D58ABF7F2558BA540054D4A0 /* XCRemoteSwiftPackageReference "SDWebImageSwiftUI" */ = {
			isa = XCRemoteSwiftPackageReference;
			repositoryURL = "https://github.com/SDWebImage/SDWebImageSwiftUI.git";
			requirement = {
				kind = upToNextMajorVersion;
				minimumVersion = 1.5.0;
			};
		};
		D5986D482557A36700CF400D /* XCRemoteSwiftPackageReference "Alamofire" */ = {
			isa = XCRemoteSwiftPackageReference;
			repositoryURL = "https://github.com/Alamofire/Alamofire.git";
			requirement = {
				kind = upToNextMajorVersion;
				minimumVersion = 5.4.0;
			};
		};
/* End XCRemoteSwiftPackageReference section */

/* Begin XCSwiftPackageProductDependency section */
		D58ABF802558BA550054D4A0 /* SDWebImageSwiftUI */ = {
			isa = XCSwiftPackageProductDependency;
			package = D58ABF7F2558BA540054D4A0 /* XCRemoteSwiftPackageReference "SDWebImageSwiftUI" */;
			productName = SDWebImageSwiftUI;
		};
		D5986D492557A36700CF400D /* Alamofire */ = {
			isa = XCSwiftPackageProductDependency;
			package = D5986D482557A36700CF400D /* XCRemoteSwiftPackageReference "Alamofire" */;
			productName = Alamofire;
		};
/* End XCSwiftPackageProductDependency section */
	};
	rootObject = D5CCCAC2255657A900B7C2D9 /* Project object */;
}
